# This file is automatically @generated by Poetry 1.4.2 and should not be changed by hand.

[[package]]
name = "annotated-types"
version = "0.5.0"
description = "Reusable constraint types to use with typing.Annotated"
category = "main"
optional = false
python-versions = ">=3.7"
files = [
    {file = "annotated_types-0.5.0-py3-none-any.whl", hash = "sha256:58da39888f92c276ad970249761ebea80ba544b77acddaa1a4d6cf78287d45fd"},
    {file = "annotated_types-0.5.0.tar.gz", hash = "sha256:47cdc3490d9ac1506ce92c7aaa76c579dc3509ff11e098fc867e5130ab7be802"},
]

[[package]]
name = "anyio"
version = "3.7.1"
description = "High level compatibility layer for multiple asynchronous event loop implementations"
category = "main"
optional = false
python-versions = ">=3.7"
files = [
    {file = "anyio-3.7.1-py3-none-any.whl", hash = "sha256:91dee416e570e92c64041bd18b900d1d6fa78dff7048769ce5ac5ddad004fbb5"},
    {file = "anyio-3.7.1.tar.gz", hash = "sha256:44a3c9aba0f5defa43261a8b3efb97891f2bd7d804e0e1f56419befa1adfc780"},
]

[package.dependencies]
idna = ">=2.8"
sniffio = ">=1.1"

[package.extras]
doc = ["Sphinx", "packaging", "sphinx-autodoc-typehints (>=1.2.0)", "sphinx-rtd-theme (>=1.2.2)", "sphinxcontrib-jquery"]
test = ["anyio[trio]", "coverage[toml] (>=4.5)", "hypothesis (>=4.0)", "mock (>=4)", "psutil (>=5.9)", "pytest (>=7.0)", "pytest-mock (>=3.6.1)", "trustme", "uvloop (>=0.17)"]
trio = ["trio (<0.22)"]

[[package]]
name = "autopep8"
version = "2.0.2"
description = "A tool that automatically formats Python code to conform to the PEP 8 style guide"
category = "main"
optional = false
python-versions = ">=3.6"
files = [
    {file = "autopep8-2.0.2-py2.py3-none-any.whl", hash = "sha256:86e9303b5e5c8160872b2f5ef611161b2893e9bfe8ccc7e2f76385947d57a2f1"},
    {file = "autopep8-2.0.2.tar.gz", hash = "sha256:f9849cdd62108cb739dbcdbfb7fdcc9a30d1b63c4cc3e1c1f893b5360941b61c"},
]

[package.dependencies]
pycodestyle = ">=2.10.0"

[[package]]
name = "click"
version = "8.1.6"
description = "Composable command line interface toolkit"
category = "main"
optional = false
python-versions = ">=3.7"
files = [
    {file = "click-8.1.6-py3-none-any.whl", hash = "sha256:fa244bb30b3b5ee2cae3da8f55c9e5e0c0e86093306301fb418eb9dc40fbded5"},
    {file = "click-8.1.6.tar.gz", hash = "sha256:48ee849951919527a045bfe3bf7baa8a959c423134e1a5b98c05c20ba75a1cbd"},
]

[package.dependencies]
colorama = {version = "*", markers = "platform_system == \"Windows\""}

[[package]]
name = "colorama"
version = "0.4.6"
description = "Cross-platform colored terminal text."
category = "main"
optional = false
python-versions = "!=3.0.*,!=3.1.*,!=3.2.*,!=3.3.*,!=3.4.*,!=3.5.*,!=3.6.*,>=2.7"
files = [
    {file = "colorama-0.4.6-py2.py3-none-any.whl", hash = "sha256:4f1d9991f5acc0ca119f9d443620b77f9d6b33703e51011c16baf57afb285fc6"},
    {file = "colorama-0.4.6.tar.gz", hash = "sha256:08695f5cb7ed6e0531a20572697297273c47b8cae5a63ffc6d6ed5c201be6e44"},
]

[[package]]
name = "fastapi"
version = "0.101.0"
description = "FastAPI framework, high performance, easy to learn, fast to code, ready for production"
category = "main"
optional = false
python-versions = ">=3.7"
files = [
    {file = "fastapi-0.101.0-py3-none-any.whl", hash = "sha256:494eb3494d89e8079c20859d7ca695f66eaccc40f46fe8c75ab6186d15f05ffd"},
    {file = "fastapi-0.101.0.tar.gz", hash = "sha256:ca2ae65fe42f6a34b5cf6c994337149154b1b400c39809d7b2dccdceb5ae77af"},
]

[package.dependencies]
pydantic = ">=1.7.4,<1.8 || >1.8,<1.8.1 || >1.8.1,<2.0.0 || >2.0.0,<2.0.1 || >2.0.1,<2.1.0 || >2.1.0,<3.0.0"
starlette = ">=0.27.0,<0.28.0"
typing-extensions = ">=4.5.0"

[package.extras]
all = ["email-validator (>=2.0.0)", "httpx (>=0.23.0)", "itsdangerous (>=1.1.0)", "jinja2 (>=2.11.2)", "orjson (>=3.2.1)", "pydantic-extra-types (>=2.0.0)", "pydantic-settings (>=2.0.0)", "python-multipart (>=0.0.5)", "pyyaml (>=5.3.1)", "ujson (>=4.0.1,!=4.0.2,!=4.1.0,!=4.2.0,!=4.3.0,!=5.0.0,!=5.1.0)", "uvicorn[standard] (>=0.12.0)"]

[[package]]
name = "greenlet"
version = "2.0.2"
description = "Lightweight in-process concurrent programming"
category = "main"
optional = false
python-versions = ">=2.7,!=3.0.*,!=3.1.*,!=3.2.*,!=3.3.*,!=3.4.*"
files = [
    {file = "greenlet-2.0.2-cp27-cp27m-macosx_10_14_x86_64.whl", hash = "sha256:bdfea8c661e80d3c1c99ad7c3ff74e6e87184895bbaca6ee8cc61209f8b9b85d"},
    {file = "greenlet-2.0.2-cp27-cp27m-manylinux2010_x86_64.whl", hash = "sha256:9d14b83fab60d5e8abe587d51c75b252bcc21683f24699ada8fb275d7712f5a9"},
    {file = "greenlet-2.0.2-cp27-cp27m-win32.whl", hash = "sha256:6c3acb79b0bfd4fe733dff8bc62695283b57949ebcca05ae5c129eb606ff2d74"},
    {file = "greenlet-2.0.2-cp27-cp27m-win_amd64.whl", hash = "sha256:283737e0da3f08bd637b5ad058507e578dd462db259f7f6e4c5c365ba4ee9343"},
    {file = "greenlet-2.0.2-cp27-cp27mu-manylinux2010_x86_64.whl", hash = "sha256:d27ec7509b9c18b6d73f2f5ede2622441de812e7b1a80bbd446cb0633bd3d5ae"},
    {file = "greenlet-2.0.2-cp310-cp310-macosx_11_0_x86_64.whl", hash = "sha256:30bcf80dda7f15ac77ba5af2b961bdd9dbc77fd4ac6105cee85b0d0a5fcf74df"},
    {file = "greenlet-2.0.2-cp310-cp310-manylinux_2_17_aarch64.manylinux2014_aarch64.whl", hash = "sha256:26fbfce90728d82bc9e6c38ea4d038cba20b7faf8a0ca53a9c07b67318d46088"},
    {file = "greenlet-2.0.2-cp310-cp310-manylinux_2_17_ppc64le.manylinux2014_ppc64le.whl", hash = "sha256:9190f09060ea4debddd24665d6804b995a9c122ef5917ab26e1566dcc712ceeb"},
    {file = "greenlet-2.0.2-cp310-cp310-manylinux_2_17_x86_64.manylinux2014_x86_64.whl", hash = "sha256:d75209eed723105f9596807495d58d10b3470fa6732dd6756595e89925ce2470"},
    {file = "greenlet-2.0.2-cp310-cp310-musllinux_1_1_aarch64.whl", hash = "sha256:3a51c9751078733d88e013587b108f1b7a1fb106d402fb390740f002b6f6551a"},
    {file = "greenlet-2.0.2-cp310-cp310-musllinux_1_1_x86_64.whl", hash = "sha256:76ae285c8104046b3a7f06b42f29c7b73f77683df18c49ab5af7983994c2dd91"},
    {file = "greenlet-2.0.2-cp310-cp310-win_amd64.whl", hash = "sha256:2d4686f195e32d36b4d7cf2d166857dbd0ee9f3d20ae349b6bf8afc8485b3645"},
    {file = "greenlet-2.0.2-cp311-cp311-macosx_10_9_universal2.whl", hash = "sha256:c4302695ad8027363e96311df24ee28978162cdcdd2006476c43970b384a244c"},
    {file = "greenlet-2.0.2-cp311-cp311-manylinux_2_17_aarch64.manylinux2014_aarch64.whl", hash = "sha256:c48f54ef8e05f04d6eff74b8233f6063cb1ed960243eacc474ee73a2ea8573ca"},
    {file = "greenlet-2.0.2-cp311-cp311-manylinux_2_17_ppc64le.manylinux2014_ppc64le.whl", hash = "sha256:a1846f1b999e78e13837c93c778dcfc3365902cfb8d1bdb7dd73ead37059f0d0"},
    {file = "greenlet-2.0.2-cp311-cp311-manylinux_2_17_x86_64.manylinux2014_x86_64.whl", hash = "sha256:3a06ad5312349fec0ab944664b01d26f8d1f05009566339ac6f63f56589bc1a2"},
    {file = "greenlet-2.0.2-cp311-cp311-musllinux_1_1_aarch64.whl", hash = "sha256:eff4eb9b7eb3e4d0cae3d28c283dc16d9bed6b193c2e1ace3ed86ce48ea8df19"},
    {file = "greenlet-2.0.2-cp311-cp311-musllinux_1_1_x86_64.whl", hash = "sha256:5454276c07d27a740c5892f4907c86327b632127dd9abec42ee62e12427ff7e3"},
    {file = "greenlet-2.0.2-cp311-cp311-win_amd64.whl", hash = "sha256:7cafd1208fdbe93b67c7086876f061f660cfddc44f404279c1585bbf3cdc64c5"},
    {file = "greenlet-2.0.2-cp35-cp35m-macosx_10_14_x86_64.whl", hash = "sha256:910841381caba4f744a44bf81bfd573c94e10b3045ee00de0cbf436fe50673a6"},
    {file = "greenlet-2.0.2-cp35-cp35m-manylinux2010_x86_64.whl", hash = "sha256:18a7f18b82b52ee85322d7a7874e676f34ab319b9f8cce5de06067384aa8ff43"},
    {file = "greenlet-2.0.2-cp35-cp35m-win32.whl", hash = "sha256:03a8f4f3430c3b3ff8d10a2a86028c660355ab637cee9333d63d66b56f09d52a"},
    {file = "greenlet-2.0.2-cp35-cp35m-win_amd64.whl", hash = "sha256:4b58adb399c4d61d912c4c331984d60eb66565175cdf4a34792cd9600f21b394"},
    {file = "greenlet-2.0.2-cp36-cp36m-macosx_10_14_x86_64.whl", hash = "sha256:703f18f3fda276b9a916f0934d2fb6d989bf0b4fb5a64825260eb9bfd52d78f0"},
    {file = "greenlet-2.0.2-cp36-cp36m-manylinux2010_x86_64.whl", hash = "sha256:32e5b64b148966d9cccc2c8d35a671409e45f195864560829f395a54226408d3"},
    {file = "greenlet-2.0.2-cp36-cp36m-manylinux_2_17_aarch64.manylinux2014_aarch64.whl", hash = "sha256:2dd11f291565a81d71dab10b7033395b7a3a5456e637cf997a6f33ebdf06f8db"},
    {file = "greenlet-2.0.2-cp36-cp36m-manylinux_2_17_ppc64le.manylinux2014_ppc64le.whl", hash = "sha256:e0f72c9ddb8cd28532185f54cc1453f2c16fb417a08b53a855c4e6a418edd099"},
    {file = "greenlet-2.0.2-cp36-cp36m-manylinux_2_17_x86_64.manylinux2014_x86_64.whl", hash = "sha256:cd021c754b162c0fb55ad5d6b9d960db667faad0fa2ff25bb6e1301b0b6e6a75"},
    {file = "greenlet-2.0.2-cp36-cp36m-musllinux_1_1_aarch64.whl", hash = "sha256:3c9b12575734155d0c09d6c3e10dbd81665d5c18e1a7c6597df72fd05990c8cf"},
    {file = "greenlet-2.0.2-cp36-cp36m-musllinux_1_1_x86_64.whl", hash = "sha256:b9ec052b06a0524f0e35bd8790686a1da006bd911dd1ef7d50b77bfbad74e292"},
    {file = "greenlet-2.0.2-cp36-cp36m-win32.whl", hash = "sha256:dbfcfc0218093a19c252ca8eb9aee3d29cfdcb586df21049b9d777fd32c14fd9"},
    {file = "greenlet-2.0.2-cp36-cp36m-win_amd64.whl", hash = "sha256:9f35ec95538f50292f6d8f2c9c9f8a3c6540bbfec21c9e5b4b751e0a7c20864f"},
    {file = "greenlet-2.0.2-cp37-cp37m-macosx_10_15_x86_64.whl", hash = "sha256:d5508f0b173e6aa47273bdc0a0b5ba055b59662ba7c7ee5119528f466585526b"},
    {file = "greenlet-2.0.2-cp37-cp37m-manylinux2010_x86_64.whl", hash = "sha256:f82d4d717d8ef19188687aa32b8363e96062911e63ba22a0cff7802a8e58e5f1"},
    {file = "greenlet-2.0.2-cp37-cp37m-manylinux_2_17_aarch64.manylinux2014_aarch64.whl", hash = "sha256:c9c59a2120b55788e800d82dfa99b9e156ff8f2227f07c5e3012a45a399620b7"},
    {file = "greenlet-2.0.2-cp37-cp37m-manylinux_2_17_ppc64le.manylinux2014_ppc64le.whl", hash = "sha256:2780572ec463d44c1d3ae850239508dbeb9fed38e294c68d19a24d925d9223ca"},
    {file = "greenlet-2.0.2-cp37-cp37m-manylinux_2_17_x86_64.manylinux2014_x86_64.whl", hash = "sha256:937e9020b514ceedb9c830c55d5c9872abc90f4b5862f89c0887033ae33c6f73"},
    {file = "greenlet-2.0.2-cp37-cp37m-musllinux_1_1_aarch64.whl", hash = "sha256:36abbf031e1c0f79dd5d596bfaf8e921c41df2bdf54ee1eed921ce1f52999a86"},
    {file = "greenlet-2.0.2-cp37-cp37m-musllinux_1_1_x86_64.whl", hash = "sha256:18e98fb3de7dba1c0a852731c3070cf022d14f0d68b4c87a19cc1016f3bb8b33"},
    {file = "greenlet-2.0.2-cp37-cp37m-win32.whl", hash = "sha256:3f6ea9bd35eb450837a3d80e77b517ea5bc56b4647f5502cd28de13675ee12f7"},
    {file = "greenlet-2.0.2-cp37-cp37m-win_amd64.whl", hash = "sha256:7492e2b7bd7c9b9916388d9df23fa49d9b88ac0640db0a5b4ecc2b653bf451e3"},
    {file = "greenlet-2.0.2-cp38-cp38-macosx_10_15_x86_64.whl", hash = "sha256:b864ba53912b6c3ab6bcb2beb19f19edd01a6bfcbdfe1f37ddd1778abfe75a30"},
    {file = "greenlet-2.0.2-cp38-cp38-manylinux2010_x86_64.whl", hash = "sha256:ba2956617f1c42598a308a84c6cf021a90ff3862eddafd20c3333d50f0edb45b"},
    {file = "greenlet-2.0.2-cp38-cp38-manylinux_2_17_aarch64.manylinux2014_aarch64.whl", hash = "sha256:fc3a569657468b6f3fb60587e48356fe512c1754ca05a564f11366ac9e306526"},
    {file = "greenlet-2.0.2-cp38-cp38-manylinux_2_17_ppc64le.manylinux2014_ppc64le.whl", hash = "sha256:8eab883b3b2a38cc1e050819ef06a7e6344d4a990d24d45bc6f2cf959045a45b"},
    {file = "greenlet-2.0.2-cp38-cp38-manylinux_2_17_x86_64.manylinux2014_x86_64.whl", hash = "sha256:acd2162a36d3de67ee896c43effcd5ee3de247eb00354db411feb025aa319857"},
    {file = "greenlet-2.0.2-cp38-cp38-musllinux_1_1_aarch64.whl", hash = "sha256:0bf60faf0bc2468089bdc5edd10555bab6e85152191df713e2ab1fcc86382b5a"},
    {file = "greenlet-2.0.2-cp38-cp38-musllinux_1_1_x86_64.whl", hash = "sha256:b0ef99cdbe2b682b9ccbb964743a6aca37905fda5e0452e5ee239b1654d37f2a"},
    {file = "greenlet-2.0.2-cp38-cp38-win32.whl", hash = "sha256:b80f600eddddce72320dbbc8e3784d16bd3fb7b517e82476d8da921f27d4b249"},
    {file = "greenlet-2.0.2-cp38-cp38-win_amd64.whl", hash = "sha256:4d2e11331fc0c02b6e84b0d28ece3a36e0548ee1a1ce9ddde03752d9b79bba40"},
    {file = "greenlet-2.0.2-cp39-cp39-macosx_11_0_x86_64.whl", hash = "sha256:88d9ab96491d38a5ab7c56dd7a3cc37d83336ecc564e4e8816dbed12e5aaefc8"},
    {file = "greenlet-2.0.2-cp39-cp39-manylinux2010_x86_64.whl", hash = "sha256:561091a7be172ab497a3527602d467e2b3fbe75f9e783d8b8ce403fa414f71a6"},
    {file = "greenlet-2.0.2-cp39-cp39-manylinux_2_17_aarch64.manylinux2014_aarch64.whl", hash = "sha256:971ce5e14dc5e73715755d0ca2975ac88cfdaefcaab078a284fea6cfabf866df"},
    {file = "greenlet-2.0.2-cp39-cp39-manylinux_2_17_ppc64le.manylinux2014_ppc64le.whl", hash = "sha256:be4ed120b52ae4d974aa40215fcdfde9194d63541c7ded40ee12eb4dda57b76b"},
    {file = "greenlet-2.0.2-cp39-cp39-manylinux_2_17_x86_64.manylinux2014_x86_64.whl", hash = "sha256:94c817e84245513926588caf1152e3b559ff794d505555211ca041f032abbb6b"},
    {file = "greenlet-2.0.2-cp39-cp39-musllinux_1_1_aarch64.whl", hash = "sha256:1a819eef4b0e0b96bb0d98d797bef17dc1b4a10e8d7446be32d1da33e095dbb8"},
    {file = "greenlet-2.0.2-cp39-cp39-musllinux_1_1_x86_64.whl", hash = "sha256:7efde645ca1cc441d6dc4b48c0f7101e8d86b54c8530141b09fd31cef5149ec9"},
    {file = "greenlet-2.0.2-cp39-cp39-win32.whl", hash = "sha256:ea9872c80c132f4663822dd2a08d404073a5a9b5ba6155bea72fb2a79d1093b5"},
    {file = "greenlet-2.0.2-cp39-cp39-win_amd64.whl", hash = "sha256:db1a39669102a1d8d12b57de2bb7e2ec9066a6f2b3da35ae511ff93b01b5d564"},
    {file = "greenlet-2.0.2.tar.gz", hash = "sha256:e7c8dc13af7db097bed64a051d2dd49e9f0af495c26995c00a9ee842690d34c0"},
]

[package.extras]
docs = ["Sphinx", "docutils (<0.18)"]
test = ["objgraph", "psutil"]

[[package]]
name = "h11"
version = "0.14.0"
description = "A pure-Python, bring-your-own-I/O implementation of HTTP/1.1"
category = "main"
optional = false
python-versions = ">=3.7"
files = [
    {file = "h11-0.14.0-py3-none-any.whl", hash = "sha256:e3fe4ac4b851c468cc8363d500db52c2ead036020723024a109d37346efaa761"},
    {file = "h11-0.14.0.tar.gz", hash = "sha256:8f19fbbe99e72420ff35c00b27a34cb9937e902a8b810e2c88300c6f0a3b699d"},
]

[[package]]
name = "idna"
version = "3.4"
description = "Internationalized Domain Names in Applications (IDNA)"
category = "main"
optional = false
python-versions = ">=3.5"
files = [
    {file = "idna-3.4-py3-none-any.whl", hash = "sha256:90b77e79eaa3eba6de819a0c442c0b4ceefc341a7a2ab77d7562bf49f425c5c2"},
    {file = "idna-3.4.tar.gz", hash = "sha256:814f528e8dead7d329833b91c5faa87d60bf71824cd12a7530b5526063d02cb4"},
]

[[package]]
name = "pycodestyle"
version = "2.11.0"
description = "Python style guide checker"
category = "main"
optional = false
python-versions = ">=3.8"
files = [
    {file = "pycodestyle-2.11.0-py2.py3-none-any.whl", hash = "sha256:5d1013ba8dc7895b548be5afb05740ca82454fd899971563d2ef625d090326f8"},
    {file = "pycodestyle-2.11.0.tar.gz", hash = "sha256:259bcc17857d8a8b3b4a2327324b79e5f020a13c16074670f9c8c8f872ea76d0"},
]

[[package]]
name = "pydantic"
version = "2.1.1"
description = "Data validation using Python type hints"
category = "main"
optional = false
python-versions = ">=3.7"
files = [
    {file = "pydantic-2.1.1-py3-none-any.whl", hash = "sha256:43bdbf359d6304c57afda15c2b95797295b702948082d4c23851ce752f21da70"},
    {file = "pydantic-2.1.1.tar.gz", hash = "sha256:22d63db5ce4831afd16e7c58b3192d3faf8f79154980d9397d9867254310ba4b"},
]

[package.dependencies]
annotated-types = ">=0.4.0"
pydantic-core = "2.4.0"
typing-extensions = ">=4.6.1"

[package.extras]
email = ["email-validator (>=2.0.0)"]

[[package]]
name = "pydantic-core"
version = "2.4.0"
description = ""
category = "main"
optional = false
python-versions = ">=3.7"
files = [
    {file = "pydantic_core-2.4.0-cp310-cp310-macosx_10_7_x86_64.whl", hash = "sha256:2ca4687dd996bde7f3c420def450797feeb20dcee2b9687023e3323c73fc14a2"},
    {file = "pydantic_core-2.4.0-cp310-cp310-macosx_11_0_arm64.whl", hash = "sha256:782fced7d61469fd1231b184a80e4f2fa7ad54cd7173834651a453f96f29d673"},
    {file = "pydantic_core-2.4.0-cp310-cp310-manylinux_2_17_aarch64.manylinux2014_aarch64.whl", hash = "sha256:6213b471b68146af97b8551294e59e7392c2117e28ffad9c557c65087f4baee3"},
    {file = "pydantic_core-2.4.0-cp310-cp310-manylinux_2_17_x86_64.manylinux2014_x86_64.whl", hash = "sha256:63797499a219d8e81eb4e0c42222d0a4c8ec896f5c76751d4258af95de41fdf1"},
    {file = "pydantic_core-2.4.0-cp310-cp310-manylinux_2_24_armv7l.whl", hash = "sha256:0455876d575a35defc4da7e0a199596d6c773e20d3d42fa1fc29f6aa640369ed"},
    {file = "pydantic_core-2.4.0-cp310-cp310-manylinux_2_24_ppc64le.whl", hash = "sha256:8c938c96294d983dcf419b54dba2d21056959c22911d41788efbf949a29ae30d"},
    {file = "pydantic_core-2.4.0-cp310-cp310-manylinux_2_24_s390x.whl", hash = "sha256:878a5017d93e776c379af4e7b20f173c82594d94fa073059bcc546789ad50bf8"},
    {file = "pydantic_core-2.4.0-cp310-cp310-manylinux_2_5_i686.manylinux1_i686.whl", hash = "sha256:69159afc2f2dc43285725f16143bc5df3c853bc1cb7df6021fce7ef1c69e8171"},
    {file = "pydantic_core-2.4.0-cp310-cp310-musllinux_1_1_aarch64.whl", hash = "sha256:54df7df399b777c1fd144f541c95d351b3aa110535a6810a6a569905d106b6f3"},
    {file = "pydantic_core-2.4.0-cp310-cp310-musllinux_1_1_x86_64.whl", hash = "sha256:e412607ca89a0ced10758dfb8f9adcc365ce4c1c377e637c01989a75e9a9ec8a"},
    {file = "pydantic_core-2.4.0-cp310-none-win32.whl", hash = "sha256:853f103e2b9a58832fdd08a587a51de8b552ae90e1a5d167f316b7eabf8d7dde"},
    {file = "pydantic_core-2.4.0-cp310-none-win_amd64.whl", hash = "sha256:3ba2c9c94a9176f6321a879c8b864d7c5b12d34f549a4c216c72ce213d7d953c"},
    {file = "pydantic_core-2.4.0-cp311-cp311-macosx_10_7_x86_64.whl", hash = "sha256:a8b7acd04896e8f161e1500dc5f218017db05c1d322f054e89cbd089ce5d0071"},
    {file = "pydantic_core-2.4.0-cp311-cp311-macosx_11_0_arm64.whl", hash = "sha256:16468bd074fa4567592d3255bf25528ed41e6b616d69bf07096bdb5b66f947d1"},
    {file = "pydantic_core-2.4.0-cp311-cp311-manylinux_2_17_aarch64.manylinux2014_aarch64.whl", hash = "sha256:cba5ad5eef02c86a1f3da00544cbc59a510d596b27566479a7cd4d91c6187a11"},
    {file = "pydantic_core-2.4.0-cp311-cp311-manylinux_2_17_x86_64.manylinux2014_x86_64.whl", hash = "sha256:b7206e41e04b443016e930e01685bab7a308113c0b251b3f906942c8d4b48fcb"},
    {file = "pydantic_core-2.4.0-cp311-cp311-manylinux_2_24_armv7l.whl", hash = "sha256:c1375025f0bfc9155286ebae8eecc65e33e494c90025cda69e247c3ccd2bab00"},
    {file = "pydantic_core-2.4.0-cp311-cp311-manylinux_2_24_ppc64le.whl", hash = "sha256:3534118289e33130ed3f1cc487002e8d09b9f359be48b02e9cd3de58ce58fba9"},
    {file = "pydantic_core-2.4.0-cp311-cp311-manylinux_2_24_s390x.whl", hash = "sha256:94d2b36a74623caab262bf95f0e365c2c058396082bd9d6a9e825657d0c1e7fa"},
    {file = "pydantic_core-2.4.0-cp311-cp311-manylinux_2_5_i686.manylinux1_i686.whl", hash = "sha256:af24ad4fbaa5e4a2000beae0c3b7fd1c78d7819ab90f9370a1cfd8998e3f8a3c"},
    {file = "pydantic_core-2.4.0-cp311-cp311-musllinux_1_1_aarch64.whl", hash = "sha256:bf10963d8aed8bbe0165b41797c9463d4c5c8788ae6a77c68427569be6bead41"},
    {file = "pydantic_core-2.4.0-cp311-cp311-musllinux_1_1_x86_64.whl", hash = "sha256:68199ada7c310ddb8c76efbb606a0de656b40899388a7498954f423e03fc38be"},
    {file = "pydantic_core-2.4.0-cp311-none-win32.whl", hash = "sha256:6f855bcc96ed3dd56da7373cfcc9dcbabbc2073cac7f65c185772d08884790ce"},
    {file = "pydantic_core-2.4.0-cp311-none-win_amd64.whl", hash = "sha256:de39eb3bab93a99ddda1ac1b9aa331b944d8bcc4aa9141148f7fd8ee0299dafc"},
    {file = "pydantic_core-2.4.0-cp312-cp312-macosx_10_7_x86_64.whl", hash = "sha256:f773b39780323a0499b53ebd91a28ad11cde6705605d98d999dfa08624caf064"},
    {file = "pydantic_core-2.4.0-cp312-cp312-macosx_11_0_arm64.whl", hash = "sha256:a297c0d6c61963c5c3726840677b798ca5b7dfc71bc9c02b9a4af11d23236008"},
    {file = "pydantic_core-2.4.0-cp312-cp312-manylinux_2_17_aarch64.manylinux2014_aarch64.whl", hash = "sha256:546064c55264156b973b5e65e5fafbe5e62390902ce3cf6b4005765505e8ff56"},
    {file = "pydantic_core-2.4.0-cp312-cp312-manylinux_2_17_x86_64.manylinux2014_x86_64.whl", hash = "sha256:36ba9e728588588f0196deaf6751b9222492331b5552f865a8ff120869d372e0"},
    {file = "pydantic_core-2.4.0-cp312-cp312-manylinux_2_24_armv7l.whl", hash = "sha256:57a53a75010c635b3ad6499e7721eaa3b450e03f6862afe2dbef9c8f66e46ec8"},
    {file = "pydantic_core-2.4.0-cp312-cp312-manylinux_2_24_ppc64le.whl", hash = "sha256:4b262bbc13022f2097c48a21adcc360a81d83dc1d854c11b94953cd46d7d3c07"},
    {file = "pydantic_core-2.4.0-cp312-cp312-manylinux_2_24_s390x.whl", hash = "sha256:01947ad728f426fa07fcb26457ebf90ce29320259938414bc0edd1476e75addb"},
    {file = "pydantic_core-2.4.0-cp312-cp312-manylinux_2_5_i686.manylinux1_i686.whl", hash = "sha256:b2799c2eaf182769889761d4fb4d78b82bc47dae833799fedbf69fc7de306faa"},
    {file = "pydantic_core-2.4.0-cp312-cp312-musllinux_1_1_aarch64.whl", hash = "sha256:a08fd490ba36d1fbb2cd5dcdcfb9f3892deb93bd53456724389135712b5fc735"},
    {file = "pydantic_core-2.4.0-cp312-cp312-musllinux_1_1_x86_64.whl", hash = "sha256:1e8a7c62d15a5c4b307271e4252d76ebb981d6251c6ecea4daf203ef0179ea4f"},
    {file = "pydantic_core-2.4.0-cp312-none-win32.whl", hash = "sha256:9206c14a67c38de7b916e486ae280017cf394fa4b1aa95cfe88621a4e1d79725"},
    {file = "pydantic_core-2.4.0-cp312-none-win_amd64.whl", hash = "sha256:884235507549a6b2d3c4113fb1877ae263109e787d9e0eb25c35982ab28d0399"},
    {file = "pydantic_core-2.4.0-cp37-cp37m-macosx_10_7_x86_64.whl", hash = "sha256:4cbe929efa77a806e8f1a97793f2dc3ea3475ae21a9ed0f37c21320fe93f6f50"},
    {file = "pydantic_core-2.4.0-cp37-cp37m-macosx_11_0_arm64.whl", hash = "sha256:9137289de8fe845c246a8c3482dd0cb40338846ba683756d8f489a4bd8fddcae"},
    {file = "pydantic_core-2.4.0-cp37-cp37m-manylinux_2_17_aarch64.manylinux2014_aarch64.whl", hash = "sha256:c5d8e764b5646623e57575f624f8ebb8f7a9f7fd1fae682ef87869ca5fec8dcf"},
    {file = "pydantic_core-2.4.0-cp37-cp37m-manylinux_2_17_x86_64.manylinux2014_x86_64.whl", hash = "sha256:8fba0aff4c407d0274e43697e785bcac155ad962be57518d1c711f45e72da70f"},
    {file = "pydantic_core-2.4.0-cp37-cp37m-manylinux_2_24_armv7l.whl", hash = "sha256:30527d173e826f2f7651f91c821e337073df1555e3b5a0b7b1e2c39e26e50678"},
    {file = "pydantic_core-2.4.0-cp37-cp37m-manylinux_2_24_ppc64le.whl", hash = "sha256:bd7d1dde70ff3e09e4bc7a1cbb91a7a538add291bfd5b3e70ef1e7b45192440f"},
    {file = "pydantic_core-2.4.0-cp37-cp37m-manylinux_2_24_s390x.whl", hash = "sha256:72f1216ca8cef7b8adacd4c4c6b89c3b0c4f97503197f5284c80f36d6e4edd30"},
    {file = "pydantic_core-2.4.0-cp37-cp37m-manylinux_2_5_i686.manylinux1_i686.whl", hash = "sha256:b013c7861a7c7bfcec48fd709513fea6f9f31727e7a0a93ca0dd12e056740717"},
    {file = "pydantic_core-2.4.0-cp37-cp37m-musllinux_1_1_aarch64.whl", hash = "sha256:478f5f6d7e32bd4a04d102160efb2d389432ecf095fe87c555c0a6fc4adfc1a4"},
    {file = "pydantic_core-2.4.0-cp37-cp37m-musllinux_1_1_x86_64.whl", hash = "sha256:d9610b47b5fe4aacbbba6a9cb5f12cbe864eec99dbfed5710bd32ef5dd8a5d5b"},
    {file = "pydantic_core-2.4.0-cp37-none-win32.whl", hash = "sha256:ff246c0111076c8022f9ba325c294f2cb5983403506989253e04dbae565e019b"},
    {file = "pydantic_core-2.4.0-cp37-none-win_amd64.whl", hash = "sha256:d0c2b713464a8e263a243ae7980d81ce2de5ac59a9f798a282e44350b42dc516"},
    {file = "pydantic_core-2.4.0-cp38-cp38-macosx_10_7_x86_64.whl", hash = "sha256:12ef6838245569fd60a179fade81ca4b90ae2fa0ef355d616f519f7bb27582db"},
    {file = "pydantic_core-2.4.0-cp38-cp38-macosx_11_0_arm64.whl", hash = "sha256:49db206eb8fdc4b4f30e6e3e410584146d813c151928f94ec0db06c4f2595538"},
    {file = "pydantic_core-2.4.0-cp38-cp38-manylinux_2_17_aarch64.manylinux2014_aarch64.whl", hash = "sha256:0a507d7fa44688bbac76af6521e488b3da93de155b9cba6f2c9b7833ce243d59"},
    {file = "pydantic_core-2.4.0-cp38-cp38-manylinux_2_17_x86_64.manylinux2014_x86_64.whl", hash = "sha256:ffe18407a4d000c568182ce5388bbbedeb099896904e43fc14eee76cfae6dec5"},
    {file = "pydantic_core-2.4.0-cp38-cp38-manylinux_2_24_armv7l.whl", hash = "sha256:fa8e48001b39d54d97d7b380a0669fa99fc0feeb972e35a2d677ba59164a9a22"},
    {file = "pydantic_core-2.4.0-cp38-cp38-manylinux_2_24_ppc64le.whl", hash = "sha256:394f12a2671ff8c4dfa2e85be6c08be0651ad85bc1e6aa9c77c21671baaf28cd"},
    {file = "pydantic_core-2.4.0-cp38-cp38-manylinux_2_24_s390x.whl", hash = "sha256:2f9ea0355f90db2a76af530245fa42f04d98f752a1236ed7c6809ec484560d5b"},
    {file = "pydantic_core-2.4.0-cp38-cp38-manylinux_2_5_i686.manylinux1_i686.whl", hash = "sha256:61d4e713f467abcdd59b47665d488bb898ad3dd47ce7446522a50e0cbd8e8279"},
    {file = "pydantic_core-2.4.0-cp38-cp38-musllinux_1_1_aarch64.whl", hash = "sha256:453862ab268f6326b01f067ed89cb3a527d34dc46f6f4eeec46a15bbc706d0da"},
    {file = "pydantic_core-2.4.0-cp38-cp38-musllinux_1_1_x86_64.whl", hash = "sha256:56a85fa0dab1567bd0cac10f0c3837b03e8a0d939e6a8061a3a420acd97e9421"},
    {file = "pydantic_core-2.4.0-cp38-none-win32.whl", hash = "sha256:0d726108c1c0380b88b6dd4db559f0280e0ceda9e077f46ff90bc85cd4d03e77"},
    {file = "pydantic_core-2.4.0-cp38-none-win_amd64.whl", hash = "sha256:047580388644c473b934d27849f8ed8dbe45df0adb72104e78b543e13bf69762"},
    {file = "pydantic_core-2.4.0-cp39-cp39-macosx_10_7_x86_64.whl", hash = "sha256:867d3eea954bea807cabba83cfc939c889a18576d66d197c60025b15269d7cc0"},
    {file = "pydantic_core-2.4.0-cp39-cp39-macosx_11_0_arm64.whl", hash = "sha256:664402ef0c238a7f8a46efb101789d5f2275600fb18114446efec83cfadb5b66"},
    {file = "pydantic_core-2.4.0-cp39-cp39-manylinux_2_17_aarch64.manylinux2014_aarch64.whl", hash = "sha256:64e8012ad60a5f0da09ed48725e6e923d1be25f2f091a640af6079f874663813"},
    {file = "pydantic_core-2.4.0-cp39-cp39-manylinux_2_17_x86_64.manylinux2014_x86_64.whl", hash = "sha256:ac2b680de398f293b68183317432b3d67ab3faeba216aec18de0c395cb5e3060"},
    {file = "pydantic_core-2.4.0-cp39-cp39-manylinux_2_24_armv7l.whl", hash = "sha256:8efc1be43b036c2b6bcfb1451df24ee0ddcf69c31351003daf2699ed93f5687b"},
    {file = "pydantic_core-2.4.0-cp39-cp39-manylinux_2_24_ppc64le.whl", hash = "sha256:d93aedbc4614cc21b9ab0d0c4ccd7143354c1f7cffbbe96ae5216ad21d1b21b5"},
    {file = "pydantic_core-2.4.0-cp39-cp39-manylinux_2_24_s390x.whl", hash = "sha256:af788b64e13d52fc3600a68b16d31fa8d8573e3ff2fc9a38f8a60b8d94d1f012"},
    {file = "pydantic_core-2.4.0-cp39-cp39-manylinux_2_5_i686.manylinux1_i686.whl", hash = "sha256:97c6349c81cee2e69ef59eba6e6c08c5936e6b01c2d50b9e4ac152217845ae09"},
    {file = "pydantic_core-2.4.0-cp39-cp39-musllinux_1_1_aarch64.whl", hash = "sha256:cc086ddb6dc654a15deeed1d1f2bcb1cb924ebd70df9dca738af19f64229b06c"},
    {file = "pydantic_core-2.4.0-cp39-cp39-musllinux_1_1_x86_64.whl", hash = "sha256:e953353180bec330c3b830891d260b6f8e576e2d18db3c78d314e56bb2276066"},
    {file = "pydantic_core-2.4.0-cp39-none-win32.whl", hash = "sha256:6feb4b64d11d5420e517910d60a907d08d846cacaf4e029668725cd21d16743c"},
    {file = "pydantic_core-2.4.0-cp39-none-win_amd64.whl", hash = "sha256:153a61ac4030fa019b70b31fb7986461119230d3ba0ab661c757cfea652f4332"},
    {file = "pydantic_core-2.4.0-pp310-pypy310_pp73-macosx_10_7_x86_64.whl", hash = "sha256:3fcf529382b282a30b466bd7af05be28e22aa620e016135ac414f14e1ee6b9e1"},
    {file = "pydantic_core-2.4.0-pp310-pypy310_pp73-manylinux_2_17_aarch64.manylinux2014_aarch64.whl", hash = "sha256:2edef05b63d82568b877002dc4cb5cc18f8929b59077120192df1e03e0c633f8"},
    {file = "pydantic_core-2.4.0-pp310-pypy310_pp73-manylinux_2_17_x86_64.manylinux2014_x86_64.whl", hash = "sha256:da055a1b0bfa8041bb2ff586b2cb0353ed03944a3472186a02cc44a557a0e661"},
    {file = "pydantic_core-2.4.0-pp310-pypy310_pp73-manylinux_2_5_i686.manylinux1_i686.whl", hash = "sha256:77dadc764cf7c5405e04866181c5bd94a447372a9763e473abb63d1dfe9b7387"},
    {file = "pydantic_core-2.4.0-pp310-pypy310_pp73-musllinux_1_1_aarch64.whl", hash = "sha256:a4ea23b07f29487a7bef2a869f68c7ee0e05424d81375ce3d3de829314c6b5ec"},
    {file = "pydantic_core-2.4.0-pp310-pypy310_pp73-musllinux_1_1_x86_64.whl", hash = "sha256:382f0baa044d674ad59455a5eff83d7965572b745cc72df35c52c2ce8c731d37"},
    {file = "pydantic_core-2.4.0-pp310-pypy310_pp73-win_amd64.whl", hash = "sha256:08f89697625e453421401c7f661b9d1eb4c9e4c0a12fd256eeb55b06994ac6af"},
    {file = "pydantic_core-2.4.0-pp37-pypy37_pp73-macosx_10_7_x86_64.whl", hash = "sha256:43a405ce520b45941df9ff55d0cd09762017756a7b413bbad3a6e8178e64a2c2"},
    {file = "pydantic_core-2.4.0-pp37-pypy37_pp73-manylinux_2_17_aarch64.manylinux2014_aarch64.whl", hash = "sha256:584a7a818c84767af16ce8bda5d4f7fedb37d3d231fc89928a192f567e4ef685"},
    {file = "pydantic_core-2.4.0-pp37-pypy37_pp73-manylinux_2_17_x86_64.manylinux2014_x86_64.whl", hash = "sha256:04922fea7b13cd480586fa106345fe06e43220b8327358873c22d8dfa7a711c7"},
    {file = "pydantic_core-2.4.0-pp37-pypy37_pp73-manylinux_2_5_i686.manylinux1_i686.whl", hash = "sha256:17156abac20a9feed10feec867fddd91a80819a485b0107fe61f09f2117fe5f3"},
    {file = "pydantic_core-2.4.0-pp37-pypy37_pp73-musllinux_1_1_aarch64.whl", hash = "sha256:4e562cc63b04636cde361fd47569162f1daa94c759220ff202a8129902229114"},
    {file = "pydantic_core-2.4.0-pp37-pypy37_pp73-musllinux_1_1_x86_64.whl", hash = "sha256:90f3785146f701e053bb6b9e8f53acce2c919aca91df88bd4975be0cb926eb41"},
    {file = "pydantic_core-2.4.0-pp37-pypy37_pp73-win_amd64.whl", hash = "sha256:e40b1e97edd3dc127aa53d8a5e539a3d0c227d71574d3f9ac1af02d58218a122"},
    {file = "pydantic_core-2.4.0-pp38-pypy38_pp73-macosx_10_7_x86_64.whl", hash = "sha256:b27f3e67f6e031f6620655741b7d0d6bebea8b25d415924b3e8bfef2dd7bd841"},
    {file = "pydantic_core-2.4.0-pp38-pypy38_pp73-manylinux_2_17_aarch64.manylinux2014_aarch64.whl", hash = "sha256:be86c2eb12fb0f846262ace9d8f032dc6978b8cb26a058920ecb723dbcb87d05"},
    {file = "pydantic_core-2.4.0-pp38-pypy38_pp73-manylinux_2_17_x86_64.manylinux2014_x86_64.whl", hash = "sha256:4665f7ed345012a8d2eddf4203ef145f5f56a291d010382d235b94e91813f88a"},
    {file = "pydantic_core-2.4.0-pp38-pypy38_pp73-manylinux_2_5_i686.manylinux1_i686.whl", hash = "sha256:79262be5a292d1df060f29b9a7cdd66934801f987a817632d7552534a172709a"},
    {file = "pydantic_core-2.4.0-pp38-pypy38_pp73-musllinux_1_1_aarch64.whl", hash = "sha256:5fd905a69ac74eaba5041e21a1e8b1a479dab2b41c93bdcc4c1cede3c12a8d86"},
    {file = "pydantic_core-2.4.0-pp38-pypy38_pp73-musllinux_1_1_x86_64.whl", hash = "sha256:2ad538b7e07343001934417cdc8584623b4d8823c5b8b258e75ec8d327cec969"},
    {file = "pydantic_core-2.4.0-pp38-pypy38_pp73-win_amd64.whl", hash = "sha256:dd2429f7635ad4857b5881503f9c310be7761dc681c467a9d27787b674d1250a"},
    {file = "pydantic_core-2.4.0-pp39-pypy39_pp73-macosx_10_7_x86_64.whl", hash = "sha256:efff8b6761a1f6e45cebd1b7a6406eb2723d2d5710ff0d1b624fe11313693989"},
    {file = "pydantic_core-2.4.0-pp39-pypy39_pp73-manylinux_2_17_aarch64.manylinux2014_aarch64.whl", hash = "sha256:32a1e0352558cd7ccc014ffe818c7d87b15ec6145875e2cc5fa4bb7351a1033d"},
    {file = "pydantic_core-2.4.0-pp39-pypy39_pp73-manylinux_2_17_x86_64.manylinux2014_x86_64.whl", hash = "sha256:a027f41c5008571314861744d83aff75a34cf3a07022e0be32b214a5bc93f7f1"},
    {file = "pydantic_core-2.4.0-pp39-pypy39_pp73-manylinux_2_5_i686.manylinux1_i686.whl", hash = "sha256:1927f0e15d190f11f0b8344373731e28fd774c6d676d8a6cfadc95c77214a48b"},
    {file = "pydantic_core-2.4.0-pp39-pypy39_pp73-musllinux_1_1_aarch64.whl", hash = "sha256:7aa82d483d5fb867d4fb10a138ffd57b0f1644e99f2f4f336e48790ada9ada5e"},
    {file = "pydantic_core-2.4.0-pp39-pypy39_pp73-musllinux_1_1_x86_64.whl", hash = "sha256:b85778308bf945e9b33ac604e6793df9b07933108d20bdf53811bc7c2798a4af"},
    {file = "pydantic_core-2.4.0-pp39-pypy39_pp73-win_amd64.whl", hash = "sha256:3ded19dcaefe2f6706d81e0db787b59095f4ad0fbadce1edffdf092294c8a23f"},
    {file = "pydantic_core-2.4.0.tar.gz", hash = "sha256:ec3473c9789cc00c7260d840c3db2c16dbfc816ca70ec87a00cddfa3e1a1cdd5"},
]

[package.dependencies]
typing-extensions = ">=4.6.0,<4.7.0 || >4.7.0"

[[package]]
name = "sniffio"
version = "1.3.0"
description = "Sniff out which async library your code is running under"
category = "main"
optional = false
python-versions = ">=3.7"
files = [
    {file = "sniffio-1.3.0-py3-none-any.whl", hash = "sha256:eecefdce1e5bbfb7ad2eeaabf7c1eeb404d7757c379bd1f7e5cce9d8bf425384"},
    {file = "sniffio-1.3.0.tar.gz", hash = "sha256:e60305c5e5d314f5389259b7f22aaa33d8f7dee49763119234af3755c55b9101"},
]

[[package]]
name = "sqlalchemy"
version = "2.0.19"
description = "Database Abstraction Library"
category = "main"
optional = false
python-versions = ">=3.7"
files = [
    {file = "SQLAlchemy-2.0.19-cp310-cp310-macosx_10_9_x86_64.whl", hash = "sha256:9deaae357edc2091a9ed5d25e9ee8bba98bcfae454b3911adeaf159c2e9ca9e3"},
    {file = "SQLAlchemy-2.0.19-cp310-cp310-macosx_11_0_arm64.whl", hash = "sha256:0bf0fd65b50a330261ec7fe3d091dfc1c577483c96a9fa1e4323e932961aa1b5"},
    {file = "SQLAlchemy-2.0.19-cp310-cp310-manylinux_2_17_aarch64.manylinux2014_aarch64.whl", hash = "sha256:1d90ccc15ba1baa345796a8fb1965223ca7ded2d235ccbef80a47b85cea2d71a"},
    {file = "SQLAlchemy-2.0.19-cp310-cp310-manylinux_2_17_x86_64.manylinux2014_x86_64.whl", hash = "sha256:cb4e688f6784427e5f9479d1a13617f573de8f7d4aa713ba82813bcd16e259d1"},
    {file = "SQLAlchemy-2.0.19-cp310-cp310-musllinux_1_1_aarch64.whl", hash = "sha256:584f66e5e1979a7a00f4935015840be627e31ca29ad13f49a6e51e97a3fb8cae"},
    {file = "SQLAlchemy-2.0.19-cp310-cp310-musllinux_1_1_x86_64.whl", hash = "sha256:2c69ce70047b801d2aba3e5ff3cba32014558966109fecab0c39d16c18510f15"},
    {file = "SQLAlchemy-2.0.19-cp310-cp310-win32.whl", hash = "sha256:96f0463573469579d32ad0c91929548d78314ef95c210a8115346271beeeaaa2"},
    {file = "SQLAlchemy-2.0.19-cp310-cp310-win_amd64.whl", hash = "sha256:22bafb1da60c24514c141a7ff852b52f9f573fb933b1e6b5263f0daa28ce6db9"},
    {file = "SQLAlchemy-2.0.19-cp311-cp311-macosx_10_9_x86_64.whl", hash = "sha256:d6894708eeb81f6d8193e996257223b6bb4041cb05a17cd5cf373ed836ef87a2"},
    {file = "SQLAlchemy-2.0.19-cp311-cp311-macosx_11_0_arm64.whl", hash = "sha256:d8f2afd1aafded7362b397581772c670f20ea84d0a780b93a1a1529da7c3d369"},
    {file = "SQLAlchemy-2.0.19-cp311-cp311-manylinux_2_17_aarch64.manylinux2014_aarch64.whl", hash = "sha256:b15afbf5aa76f2241184c1d3b61af1a72ba31ce4161013d7cb5c4c2fca04fd6e"},
    {file = "SQLAlchemy-2.0.19-cp311-cp311-manylinux_2_17_x86_64.manylinux2014_x86_64.whl", hash = "sha256:8fc05b59142445a4efb9c1fd75c334b431d35c304b0e33f4fa0ff1ea4890f92e"},
    {file = "SQLAlchemy-2.0.19-cp311-cp311-musllinux_1_1_aarch64.whl", hash = "sha256:5831138f0cc06b43edf5f99541c64adf0ab0d41f9a4471fd63b54ae18399e4de"},
    {file = "SQLAlchemy-2.0.19-cp311-cp311-musllinux_1_1_x86_64.whl", hash = "sha256:3afa8a21a9046917b3a12ffe016ba7ebe7a55a6fc0c7d950beb303c735c3c3ad"},
    {file = "SQLAlchemy-2.0.19-cp311-cp311-win32.whl", hash = "sha256:c896d4e6ab2eba2afa1d56be3d0b936c56d4666e789bfc59d6ae76e9fcf46145"},
    {file = "SQLAlchemy-2.0.19-cp311-cp311-win_amd64.whl", hash = "sha256:024d2f67fb3ec697555e48caeb7147cfe2c08065a4f1a52d93c3d44fc8e6ad1c"},
    {file = "SQLAlchemy-2.0.19-cp37-cp37m-macosx_10_9_x86_64.whl", hash = "sha256:89bc2b374ebee1a02fd2eae6fd0570b5ad897ee514e0f84c5c137c942772aa0c"},
    {file = "SQLAlchemy-2.0.19-cp37-cp37m-manylinux_2_17_aarch64.manylinux2014_aarch64.whl", hash = "sha256:dd4d410a76c3762511ae075d50f379ae09551d92525aa5bb307f8343bf7c2c12"},
    {file = "SQLAlchemy-2.0.19-cp37-cp37m-manylinux_2_17_x86_64.manylinux2014_x86_64.whl", hash = "sha256:f469f15068cd8351826df4080ffe4cc6377c5bf7d29b5a07b0e717dddb4c7ea2"},
    {file = "SQLAlchemy-2.0.19-cp37-cp37m-musllinux_1_1_aarch64.whl", hash = "sha256:cda283700c984e699e8ef0fcc5c61f00c9d14b6f65a4f2767c97242513fcdd84"},
    {file = "SQLAlchemy-2.0.19-cp37-cp37m-musllinux_1_1_x86_64.whl", hash = "sha256:43699eb3f80920cc39a380c159ae21c8a8924fe071bccb68fc509e099420b148"},
    {file = "SQLAlchemy-2.0.19-cp37-cp37m-win32.whl", hash = "sha256:61ada5831db36d897e28eb95f0f81814525e0d7927fb51145526c4e63174920b"},
    {file = "SQLAlchemy-2.0.19-cp37-cp37m-win_amd64.whl", hash = "sha256:57d100a421d9ab4874f51285c059003292433c648df6abe6c9c904e5bd5b0828"},
    {file = "SQLAlchemy-2.0.19-cp38-cp38-macosx_10_9_x86_64.whl", hash = "sha256:16a310f5bc75a5b2ce7cb656d0e76eb13440b8354f927ff15cbaddd2523ee2d1"},
    {file = "SQLAlchemy-2.0.19-cp38-cp38-macosx_11_0_arm64.whl", hash = "sha256:cf7b5e3856cbf1876da4e9d9715546fa26b6e0ba1a682d5ed2fc3ca4c7c3ec5b"},
    {file = "SQLAlchemy-2.0.19-cp38-cp38-manylinux_2_17_aarch64.manylinux2014_aarch64.whl", hash = "sha256:2e7b69d9ced4b53310a87117824b23c509c6fc1f692aa7272d47561347e133b6"},
    {file = "SQLAlchemy-2.0.19-cp38-cp38-manylinux_2_17_x86_64.manylinux2014_x86_64.whl", hash = "sha256:8f9eb4575bfa5afc4b066528302bf12083da3175f71b64a43a7c0badda2be365"},
    {file = "SQLAlchemy-2.0.19-cp38-cp38-musllinux_1_1_aarch64.whl", hash = "sha256:6b54d1ad7a162857bb7c8ef689049c7cd9eae2f38864fc096d62ae10bc100c7d"},
    {file = "SQLAlchemy-2.0.19-cp38-cp38-musllinux_1_1_x86_64.whl", hash = "sha256:5d6afc41ca0ecf373366fd8e10aee2797128d3ae45eb8467b19da4899bcd1ee0"},
    {file = "SQLAlchemy-2.0.19-cp38-cp38-win32.whl", hash = "sha256:430614f18443b58ceb9dedec323ecddc0abb2b34e79d03503b5a7579cd73a531"},
    {file = "SQLAlchemy-2.0.19-cp38-cp38-win_amd64.whl", hash = "sha256:eb60699de43ba1a1f77363f563bb2c652f7748127ba3a774f7cf2c7804aa0d3d"},
    {file = "SQLAlchemy-2.0.19-cp39-cp39-macosx_10_9_x86_64.whl", hash = "sha256:a752b7a9aceb0ba173955d4f780c64ee15a1a991f1c52d307d6215c6c73b3a4c"},
    {file = "SQLAlchemy-2.0.19-cp39-cp39-macosx_11_0_arm64.whl", hash = "sha256:7351c05db355da112e056a7b731253cbeffab9dfdb3be1e895368513c7d70106"},
    {file = "SQLAlchemy-2.0.19-cp39-cp39-manylinux_2_17_aarch64.manylinux2014_aarch64.whl", hash = "sha256:fa51ce4aea583b0c6b426f4b0563d3535c1c75986c4373a0987d84d22376585b"},
    {file = "SQLAlchemy-2.0.19-cp39-cp39-manylinux_2_17_x86_64.manylinux2014_x86_64.whl", hash = "sha256:ae7473a67cd82a41decfea58c0eac581209a0aa30f8bc9190926fbf628bb17f7"},
    {file = "SQLAlchemy-2.0.19-cp39-cp39-musllinux_1_1_aarch64.whl", hash = "sha256:851a37898a8a39783aab603c7348eb5b20d83c76a14766a43f56e6ad422d1ec8"},
    {file = "SQLAlchemy-2.0.19-cp39-cp39-musllinux_1_1_x86_64.whl", hash = "sha256:539010665c90e60c4a1650afe4ab49ca100c74e6aef882466f1de6471d414be7"},
    {file = "SQLAlchemy-2.0.19-cp39-cp39-win32.whl", hash = "sha256:f82c310ddf97b04e1392c33cf9a70909e0ae10a7e2ddc1d64495e3abdc5d19fb"},
    {file = "SQLAlchemy-2.0.19-cp39-cp39-win_amd64.whl", hash = "sha256:8e712cfd2e07b801bc6b60fdf64853bc2bd0af33ca8fa46166a23fe11ce0dbb0"},
    {file = "SQLAlchemy-2.0.19-py3-none-any.whl", hash = "sha256:314145c1389b021a9ad5aa3a18bac6f5d939f9087d7fc5443be28cba19d2c972"},
    {file = "SQLAlchemy-2.0.19.tar.gz", hash = "sha256:77a14fa20264af73ddcdb1e2b9c5a829b8cc6b8304d0f093271980e36c200a3f"},
]

[package.dependencies]
greenlet = {version = "!=0.4.17", markers = "platform_machine == \"aarch64\" or platform_machine == \"ppc64le\" or platform_machine == \"x86_64\" or platform_machine == \"amd64\" or platform_machine == \"AMD64\" or platform_machine == \"win32\" or platform_machine == \"WIN32\""}
typing-extensions = ">=4.2.0"

[package.extras]
aiomysql = ["aiomysql", "greenlet (!=0.4.17)"]
aiosqlite = ["aiosqlite", "greenlet (!=0.4.17)", "typing-extensions (!=3.10.0.1)"]
asyncio = ["greenlet (!=0.4.17)"]
asyncmy = ["asyncmy (>=0.2.3,!=0.2.4,!=0.2.6)", "greenlet (!=0.4.17)"]
mariadb-connector = ["mariadb (>=1.0.1,!=1.1.2,!=1.1.5)"]
mssql = ["pyodbc"]
mssql-pymssql = ["pymssql"]
mssql-pyodbc = ["pyodbc"]
mypy = ["mypy (>=0.910)"]
mysql = ["mysqlclient (>=1.4.0)"]
mysql-connector = ["mysql-connector-python"]
oracle = ["cx-oracle (>=7)"]
oracle-oracledb = ["oracledb (>=1.0.1)"]
postgresql = ["psycopg2 (>=2.7)"]
postgresql-asyncpg = ["asyncpg", "greenlet (!=0.4.17)"]
postgresql-pg8000 = ["pg8000 (>=1.29.1)"]
postgresql-psycopg = ["psycopg (>=3.0.7)"]
postgresql-psycopg2binary = ["psycopg2-binary"]
postgresql-psycopg2cffi = ["psycopg2cffi"]
postgresql-psycopgbinary = ["psycopg[binary] (>=3.0.7)"]
pymysql = ["pymysql"]
sqlcipher = ["sqlcipher3-binary"]

[[package]]
name = "starlette"
version = "0.27.0"
description = "The little ASGI library that shines."
category = "main"
optional = false
python-versions = ">=3.7"
files = [
    {file = "starlette-0.27.0-py3-none-any.whl", hash = "sha256:918416370e846586541235ccd38a474c08b80443ed31c578a418e2209b3eef91"},
    {file = "starlette-0.27.0.tar.gz", hash = "sha256:6a6b0d042acb8d469a01eba54e9cda6cbd24ac602c4cd016723117d6a7e73b75"},
]

[package.dependencies]
anyio = ">=3.4.0,<5"

[package.extras]
full = ["httpx (>=0.22.0)", "itsdangerous", "jinja2", "python-multipart", "pyyaml"]

[[package]]
name = "typing-extensions"
version = "4.7.1"
description = "Backported and Experimental Type Hints for Python 3.7+"
category = "main"
optional = false
python-versions = ">=3.7"
files = [
    {file = "typing_extensions-4.7.1-py3-none-any.whl", hash = "sha256:440d5dd3af93b060174bf433bccd69b0babc3b15b1a8dca43789fd7f61514b36"},
    {file = "typing_extensions-4.7.1.tar.gz", hash = "sha256:b75ddc264f0ba5615db7ba217daeb99701ad295353c45f9e95963337ceeeffb2"},
]

[[package]]
name = "uvicorn"
version = "0.23.2"
description = "The lightning-fast ASGI server."
category = "main"
optional = false
python-versions = ">=3.8"
files = [
    {file = "uvicorn-0.23.2-py3-none-any.whl", hash = "sha256:1f9be6558f01239d4fdf22ef8126c39cb1ad0addf76c40e760549d2c2f43ab53"},
    {file = "uvicorn-0.23.2.tar.gz", hash = "sha256:4d3cc12d7727ba72b64d12d3cc7743124074c0a69f7b201512fc50c3e3f1569a"},
]

[package.dependencies]
click = ">=7.0"
h11 = ">=0.8"

[package.extras]
standard = ["colorama (>=0.4)", "httptools (>=0.5.0)", "python-dotenv (>=0.13)", "pyyaml (>=5.1)", "uvloop (>=0.14.0,!=0.15.0,!=0.15.1)", "watchfiles (>=0.13)", "websockets (>=10.4)"]

[metadata]
lock-version = "2.0"
python-versions = "^3.11"
content-hash = "645894bcc7f1bcd71a4881b9dbacd40599be235c10028bbd3fccbb8d9bfa17ad"
